// !$*UTF8*$!
{
	archiveVersion = 1;
	classes = {
	};
	objectVersion = 48;
	objects = {

/* Begin PBXBuildFile section */
		528C60B4F43BCB9CE4EFED6A /* Pods_Hitchhkr.framework in Frameworks */ = {isa = PBXBuildFile; fileRef = AD9DB8AC383EFCCBCBFB229C /* Pods_Hitchhkr.framework */; };
		6C391A6F1F70E131002A3A3F /* GoogleService-Info.plist in Resources */ = {isa = PBXBuildFile; fileRef = 6CAE3A461F6EA5F100F1EF4A /* GoogleService-Info.plist */; };
		6CAE3A391F6E225C00F1EF4A /* LeftSidePanelVC.swift in Sources */ = {isa = PBXBuildFile; fileRef = 6CAE3A381F6E225C00F1EF4A /* LeftSidePanelVC.swift */; };
		6CAE3A3B1F6E22D900F1EF4A /* ContainerVC.swift in Sources */ = {isa = PBXBuildFile; fileRef = 6CAE3A3A1F6E22D900F1EF4A /* ContainerVC.swift */; };
		6CAE3A3E1F6E260500F1EF4A /* CenterVCDelegate.swift in Sources */ = {isa = PBXBuildFile; fileRef = 6CAE3A3D1F6E260500F1EF4A /* CenterVCDelegate.swift */; };
		6CAE3A411F6E408900F1EF4A /* UIViewExt.swift in Sources */ = {isa = PBXBuildFile; fileRef = 6CAE3A401F6E408900F1EF4A /* UIViewExt.swift */; };
		6CAE3A431F6E4A1400F1EF4A /* LoginVC.swift in Sources */ = {isa = PBXBuildFile; fileRef = 6CAE3A421F6E4A1400F1EF4A /* LoginVC.swift */; };
		6CAE3A451F6E935F00F1EF4A /* RoundedCornerTextField.swift in Sources */ = {isa = PBXBuildFile; fileRef = 6CAE3A441F6E935F00F1EF4A /* RoundedCornerTextField.swift */; };
		6CB616C51F6CCB390051CAA5 /* AppDelegate.swift in Sources */ = {isa = PBXBuildFile; fileRef = 6CB616C41F6CCB390051CAA5 /* AppDelegate.swift */; };
		6CB616C71F6CCB390051CAA5 /* HomeVC.swift in Sources */ = {isa = PBXBuildFile; fileRef = 6CB616C61F6CCB390051CAA5 /* HomeVC.swift */; };
		6CB616CA1F6CCB390051CAA5 /* Main.storyboard in Resources */ = {isa = PBXBuildFile; fileRef = 6CB616C81F6CCB390051CAA5 /* Main.storyboard */; };
		6CB616CC1F6CCB390051CAA5 /* Assets.xcassets in Resources */ = {isa = PBXBuildFile; fileRef = 6CB616CB1F6CCB390051CAA5 /* Assets.xcassets */; };
		6CB616CF1F6CCB390051CAA5 /* LaunchScreen.storyboard in Resources */ = {isa = PBXBuildFile; fileRef = 6CB616CD1F6CCB390051CAA5 /* LaunchScreen.storyboard */; };
		6CB616DA1F6CF0360051CAA5 /* GradientView.swift in Sources */ = {isa = PBXBuildFile; fileRef = 6CB616D91F6CF0360051CAA5 /* GradientView.swift */; };
		6CB616DC1F6CF4160051CAA5 /* RoundImageView.swift in Sources */ = {isa = PBXBuildFile; fileRef = 6CB616DB1F6CF4160051CAA5 /* RoundImageView.swift */; };
		6CB616DE1F6CF4C10051CAA5 /* RoundedShadowView.swift in Sources */ = {isa = PBXBuildFile; fileRef = 6CB616DD1F6CF4C10051CAA5 /* RoundedShadowView.swift */; };
		6CB616E01F6CF5BD0051CAA5 /* CircleVIew.swift in Sources */ = {isa = PBXBuildFile; fileRef = 6CB616DF1F6CF5BD0051CAA5 /* CircleVIew.swift */; };
		6CB616E21F6CF87D0051CAA5 /* RoundedShadowButton.swift in Sources */ = {isa = PBXBuildFile; fileRef = 6CB616E11F6CF87D0051CAA5 /* RoundedShadowButton.swift */; };
/* End PBXBuildFile section */

/* Begin PBXFileReference section */
		118CCC4C69B31E1D2BC3723B /* Pods-Hitchhkr.debug.xcconfig */ = {isa = PBXFileReference; includeInIndex = 1; lastKnownFileType = text.xcconfig; name = "Pods-Hitchhkr.debug.xcconfig"; path = "Pods/Target Support Files/Pods-Hitchhkr/Pods-Hitchhkr.debug.xcconfig"; sourceTree = "<group>"; };
		6BB4B78E9EF4E20F0BF9715F /* Pods-Hitchhkr.release.xcconfig */ = {isa = PBXFileReference; includeInIndex = 1; lastKnownFileType = text.xcconfig; name = "Pods-Hitchhkr.release.xcconfig"; path = "Pods/Target Support Files/Pods-Hitchhkr/Pods-Hitchhkr.release.xcconfig"; sourceTree = "<group>"; };
		6CAE3A381F6E225C00F1EF4A /* LeftSidePanelVC.swift */ = {isa = PBXFileReference; lastKnownFileType = sourcecode.swift; path = LeftSidePanelVC.swift; sourceTree = "<group>"; };
		6CAE3A3A1F6E22D900F1EF4A /* ContainerVC.swift */ = {isa = PBXFileReference; lastKnownFileType = sourcecode.swift; path = ContainerVC.swift; sourceTree = "<group>"; };
		6CAE3A3D1F6E260500F1EF4A /* CenterVCDelegate.swift */ = {isa = PBXFileReference; lastKnownFileType = sourcecode.swift; path = CenterVCDelegate.swift; sourceTree = "<group>"; };
		6CAE3A401F6E408900F1EF4A /* UIViewExt.swift */ = {isa = PBXFileReference; lastKnownFileType = sourcecode.swift; path = UIViewExt.swift; sourceTree = "<group>"; };
		6CAE3A421F6E4A1400F1EF4A /* LoginVC.swift */ = {isa = PBXFileReference; lastKnownFileType = sourcecode.swift; path = LoginVC.swift; sourceTree = "<group>"; };
		6CAE3A441F6E935F00F1EF4A /* RoundedCornerTextField.swift */ = {isa = PBXFileReference; lastKnownFileType = sourcecode.swift; path = RoundedCornerTextField.swift; sourceTree = "<group>"; };
		6CAE3A461F6EA5F100F1EF4A /* GoogleService-Info.plist */ = {isa = PBXFileReference; lastKnownFileType = text.plist.xml; path = "GoogleService-Info.plist"; sourceTree = "<group>"; };
		6CB616C11F6CCB390051CAA5 /* Hitchhkr.app */ = {isa = PBXFileReference; explicitFileType = wrapper.application; includeInIndex = 0; path = Hitchhkr.app; sourceTree = BUILT_PRODUCTS_DIR; };
		6CB616C41F6CCB390051CAA5 /* AppDelegate.swift */ = {isa = PBXFileReference; lastKnownFileType = sourcecode.swift; path = AppDelegate.swift; sourceTree = "<group>"; };
		6CB616C61F6CCB390051CAA5 /* HomeVC.swift */ = {isa = PBXFileReference; lastKnownFileType = sourcecode.swift; path = HomeVC.swift; sourceTree = "<group>"; };
		6CB616C91F6CCB390051CAA5 /* Base */ = {isa = PBXFileReference; lastKnownFileType = file.storyboard; name = Base; path = Base.lproj/Main.storyboard; sourceTree = "<group>"; };
		6CB616CB1F6CCB390051CAA5 /* Assets.xcassets */ = {isa = PBXFileReference; lastKnownFileType = folder.assetcatalog; path = Assets.xcassets; sourceTree = "<group>"; };
		6CB616CE1F6CCB390051CAA5 /* Base */ = {isa = PBXFileReference; lastKnownFileType = file.storyboard; name = Base; path = Base.lproj/LaunchScreen.storyboard; sourceTree = "<group>"; };
		6CB616D01F6CCB390051CAA5 /* Info.plist */ = {isa = PBXFileReference; lastKnownFileType = text.plist.xml; path = Info.plist; sourceTree = "<group>"; };
		6CB616D91F6CF0360051CAA5 /* GradientView.swift */ = {isa = PBXFileReference; lastKnownFileType = sourcecode.swift; path = GradientView.swift; sourceTree = "<group>"; };
		6CB616DB1F6CF4160051CAA5 /* RoundImageView.swift */ = {isa = PBXFileReference; lastKnownFileType = sourcecode.swift; path = RoundImageView.swift; sourceTree = "<group>"; };
		6CB616DD1F6CF4C10051CAA5 /* RoundedShadowView.swift */ = {isa = PBXFileReference; lastKnownFileType = sourcecode.swift; path = RoundedShadowView.swift; sourceTree = "<group>"; };
		6CB616DF1F6CF5BD0051CAA5 /* CircleVIew.swift */ = {isa = PBXFileReference; lastKnownFileType = sourcecode.swift; path = CircleVIew.swift; sourceTree = "<group>"; };
		6CB616E11F6CF87D0051CAA5 /* RoundedShadowButton.swift */ = {isa = PBXFileReference; lastKnownFileType = sourcecode.swift; path = RoundedShadowButton.swift; sourceTree = "<group>"; };
		AD9DB8AC383EFCCBCBFB229C /* Pods_Hitchhkr.framework */ = {isa = PBXFileReference; explicitFileType = wrapper.framework; includeInIndex = 0; path = Pods_Hitchhkr.framework; sourceTree = BUILT_PRODUCTS_DIR; };
/* End PBXFileReference section */

/* Begin PBXFrameworksBuildPhase section */
		6CB616BE1F6CCB390051CAA5 /* Frameworks */ = {
			isa = PBXFrameworksBuildPhase;
			buildActionMask = 2147483647;
			files = (
				528C60B4F43BCB9CE4EFED6A /* Pods_Hitchhkr.framework in Frameworks */,
			);
			runOnlyForDeploymentPostprocessing = 0;
		};
/* End PBXFrameworksBuildPhase section */

/* Begin PBXGroup section */
		1AB1E64F31362F3E4A68F25E /* Pods */ = {
			isa = PBXGroup;
			children = (
				118CCC4C69B31E1D2BC3723B /* Pods-Hitchhkr.debug.xcconfig */,
				6BB4B78E9EF4E20F0BF9715F /* Pods-Hitchhkr.release.xcconfig */,
			);
			name = Pods;
			sourceTree = "<group>";
		};
		4C457F00A3E52EE3986BB4FC /* Frameworks */ = {
			isa = PBXGroup;
			children = (
				AD9DB8AC383EFCCBCBFB229C /* Pods_Hitchhkr.framework */,
			);
			name = Frameworks;
			sourceTree = "<group>";
		};
		6CAE3A3C1F6E25F700F1EF4A /* Protocols */ = {
			isa = PBXGroup;
			children = (
				6CAE3A3D1F6E260500F1EF4A /* CenterVCDelegate.swift */,
			);
			path = Protocols;
			sourceTree = "<group>";
		};
		6CAE3A3F1F6E407A00F1EF4A /* extensions */ = {
			isa = PBXGroup;
			children = (
				6CAE3A401F6E408900F1EF4A /* UIViewExt.swift */,
			);
			path = extensions;
			sourceTree = "<group>";
		};
		6CB616B81F6CCB390051CAA5 = {
			isa = PBXGroup;
			children = (
				6CB616C31F6CCB390051CAA5 /* Hitchhkr */,
				6CB616C21F6CCB390051CAA5 /* Products */,
				1AB1E64F31362F3E4A68F25E /* Pods */,
				4C457F00A3E52EE3986BB4FC /* Frameworks */,
			);
			sourceTree = "<group>";
		};
		6CB616C21F6CCB390051CAA5 /* Products */ = {
			isa = PBXGroup;
			children = (
				6CB616C11F6CCB390051CAA5 /* Hitchhkr.app */,
			);
			name = Products;
			sourceTree = "<group>";
		};
		6CB616C31F6CCB390051CAA5 /* Hitchhkr */ = {
			isa = PBXGroup;
			children = (
				6CAE3A3F1F6E407A00F1EF4A /* extensions */,
				6CAE3A3C1F6E25F700F1EF4A /* Protocols */,
				6CB616D81F6CF00C0051CAA5 /* Model */,
				6CB616D71F6CF0070051CAA5 /* View */,
				6CB616D61F6CEFFD0051CAA5 /* Controller */,
				6CB616C41F6CCB390051CAA5 /* AppDelegate.swift */,
				6CB616C81F6CCB390051CAA5 /* Main.storyboard */,
				6CB616CB1F6CCB390051CAA5 /* Assets.xcassets */,
				6CB616CD1F6CCB390051CAA5 /* LaunchScreen.storyboard */,
				6CAE3A461F6EA5F100F1EF4A /* GoogleService-Info.plist */,
				6CB616D01F6CCB390051CAA5 /* Info.plist */,
			);
			path = Hitchhkr;
			sourceTree = "<group>";
		};
		6CB616D61F6CEFFD0051CAA5 /* Controller */ = {
			isa = PBXGroup;
			children = (
				6CB616C61F6CCB390051CAA5 /* HomeVC.swift */,
				6CAE3A381F6E225C00F1EF4A /* LeftSidePanelVC.swift */,
				6CAE3A3A1F6E22D900F1EF4A /* ContainerVC.swift */,
				6CAE3A421F6E4A1400F1EF4A /* LoginVC.swift */,
			);
			path = Controller;
			sourceTree = "<group>";
		};
		6CB616D71F6CF0070051CAA5 /* View */ = {
			isa = PBXGroup;
			children = (
				6CB616D91F6CF0360051CAA5 /* GradientView.swift */,
				6CB616DB1F6CF4160051CAA5 /* RoundImageView.swift */,
				6CB616DD1F6CF4C10051CAA5 /* RoundedShadowView.swift */,
				6CB616DF1F6CF5BD0051CAA5 /* CircleVIew.swift */,
				6CB616E11F6CF87D0051CAA5 /* RoundedShadowButton.swift */,
				6CAE3A441F6E935F00F1EF4A /* RoundedCornerTextField.swift */,
			);
			path = View;
			sourceTree = "<group>";
		};
		6CB616D81F6CF00C0051CAA5 /* Model */ = {
			isa = PBXGroup;
			children = (
			);
			path = Model;
			sourceTree = "<group>";
		};
/* End PBXGroup section */

/* Begin PBXNativeTarget section */
		6CB616C01F6CCB390051CAA5 /* Hitchhkr */ = {
			isa = PBXNativeTarget;
			buildConfigurationList = 6CB616D31F6CCB390051CAA5 /* Build configuration list for PBXNativeTarget "Hitchhkr" */;
			buildPhases = (
				A9D95D2050E4D403300B3375 /* [CP] Check Pods Manifest.lock */,
				6CB616BD1F6CCB390051CAA5 /* Sources */,
				6CB616BE1F6CCB390051CAA5 /* Frameworks */,
				6CB616BF1F6CCB390051CAA5 /* Resources */,
				F08CA262070C94716E3FB727 /* [CP] Embed Pods Frameworks */,
				F9940EEB6CE8773D354D06A0 /* [CP] Copy Pods Resources */,
			);
			buildRules = (
			);
			dependencies = (
			);
			name = Hitchhkr;
			productName = Hitchhkr;
			productReference = 6CB616C11F6CCB390051CAA5 /* Hitchhkr.app */;
			productType = "com.apple.product-type.application";
		};
/* End PBXNativeTarget section */

/* Begin PBXProject section */
		6CB616B91F6CCB390051CAA5 /* Project object */ = {
			isa = PBXProject;
			attributes = {
				LastSwiftUpdateCheck = 0900;
				LastUpgradeCheck = 0900;
				ORGANIZATIONNAME = Appdelight;
				TargetAttributes = {
					6CB616C01F6CCB390051CAA5 = {
						CreatedOnToolsVersion = 9.0;
						ProvisioningStyle = Automatic;
					};
				};
			};
			buildConfigurationList = 6CB616BC1F6CCB390051CAA5 /* Build configuration list for PBXProject "Hitchhkr" */;
			compatibilityVersion = "Xcode 8.0";
			developmentRegion = en;
			hasScannedForEncodings = 0;
			knownRegions = (
				en,
				Base,
			);
			mainGroup = 6CB616B81F6CCB390051CAA5;
			productRefGroup = 6CB616C21F6CCB390051CAA5 /* Products */;
			projectDirPath = "";
			projectRoot = "";
			targets = (
				6CB616C01F6CCB390051CAA5 /* Hitchhkr */,
			);
		};
/* End PBXProject section */

/* Begin PBXResourcesBuildPhase section */
		6CB616BF1F6CCB390051CAA5 /* Resources */ = {
			isa = PBXResourcesBuildPhase;
			buildActionMask = 2147483647;
			files = (
				6CB616CF1F6CCB390051CAA5 /* LaunchScreen.storyboard in Resources */,
				6C391A6F1F70E131002A3A3F /* GoogleService-Info.plist in Resources */,
				6CB616CC1F6CCB390051CAA5 /* Assets.xcassets in Resources */,
				6CB616CA1F6CCB390051CAA5 /* Main.storyboard in Resources */,
			);
			runOnlyForDeploymentPostprocessing = 0;
		};
/* End PBXResourcesBuildPhase section */

/* Begin PBXShellScriptBuildPhase section */
		A9D95D2050E4D403300B3375 /* [CP] Check Pods Manifest.lock */ = {
			isa = PBXShellScriptBuildPhase;
			buildActionMask = 2147483647;
			files = (
			);
			inputPaths = (
				"${PODS_PODFILE_DIR_PATH}/Podfile.lock",
				"${PODS_ROOT}/Manifest.lock",
			);
			name = "[CP] Check Pods Manifest.lock";
			outputPaths = (
				"$(DERIVED_FILE_DIR)/Pods-Hitchhkr-checkManifestLockResult.txt",
			);
			runOnlyForDeploymentPostprocessing = 0;
			shellPath = /bin/sh;
			shellScript = "diff \"${PODS_PODFILE_DIR_PATH}/Podfile.lock\" \"${PODS_ROOT}/Manifest.lock\" > /dev/null\nif [ $? != 0 ] ; then\n    # print error to STDERR\n    echo \"error: The sandbox is not in sync with the Podfile.lock. Run 'pod install' or update your CocoaPods installation.\" >&2\n    exit 1\nfi\n# This output is used by Xcode 'outputs' to avoid re-running this script phase.\necho \"SUCCESS\" > \"${SCRIPT_OUTPUT_FILE_0}\"\n";
			showEnvVarsInLog = 0;
		};
		F08CA262070C94716E3FB727 /* [CP] Embed Pods Frameworks */ = {
			isa = PBXShellScriptBuildPhase;
			buildActionMask = 2147483647;
			files = (
			);
			inputPaths = (
				"${SRCROOT}/Pods/Target Support Files/Pods-Hitchhkr/Pods-Hitchhkr-frameworks.sh",
				"${BUILT_PRODUCTS_DIR}/GTMSessionFetcher/GTMSessionFetcher.framework",
				"${BUILT_PRODUCTS_DIR}/GoogleToolboxForMac/GoogleToolboxForMac.framework",
				"${BUILT_PRODUCTS_DIR}/RevealingSplashView/RevealingSplashView.framework",
				"${BUILT_PRODUCTS_DIR}/leveldb-library/leveldb.framework",
				"${BUILT_PRODUCTS_DIR}/nanopb/nanopb.framework",
			);
			name = "[CP] Embed Pods Frameworks";
			outputPaths = (
				"${TARGET_BUILD_DIR}/${FRAMEWORKS_FOLDER_PATH}/GTMSessionFetcher.framework",
				"${TARGET_BUILD_DIR}/${FRAMEWORKS_FOLDER_PATH}/GoogleToolboxForMac.framework",
				"${TARGET_BUILD_DIR}/${FRAMEWORKS_FOLDER_PATH}/RevealingSplashView.framework",
				"${TARGET_BUILD_DIR}/${FRAMEWORKS_FOLDER_PATH}/leveldb.framework",
				"${TARGET_BUILD_DIR}/${FRAMEWORKS_FOLDER_PATH}/nanopb.framework",
			);
			runOnlyForDeploymentPostprocessing = 0;
			shellPath = /bin/sh;
			shellScript = "\"${SRCROOT}/Pods/Target Support Files/Pods-Hitchhkr/Pods-Hitchhkr-frameworks.sh\"\n";
			showEnvVarsInLog = 0;
		};
		F9940EEB6CE8773D354D06A0 /* [CP] Copy Pods Resources */ = {
			isa = PBXShellScriptBuildPhase;
			buildActionMask = 2147483647;
			files = (
			);
			inputPaths = (
			);
			name = "[CP] Copy Pods Resources";
			outputPaths = (
			);
			runOnlyForDeploymentPostprocessing = 0;
			shellPath = /bin/sh;
			shellScript = "\"${SRCROOT}/Pods/Target Support Files/Pods-Hitchhkr/Pods-Hitchhkr-resources.sh\"\n";
			showEnvVarsInLog = 0;
		};
/* End PBXShellScriptBuildPhase section */

/* Begin PBXSourcesBuildPhase section */
		6CB616BD1F6CCB390051CAA5 /* Sources */ = {
			isa = PBXSourcesBuildPhase;
			buildActionMask = 2147483647;
			files = (
				6CAE3A3E1F6E260500F1EF4A /* CenterVCDelegate.swift in Sources */,
				6CB616E21F6CF87D0051CAA5 /* RoundedShadowButton.swift in Sources */,
				6CAE3A431F6E4A1400F1EF4A /* LoginVC.swift in Sources */,
				6CAE3A391F6E225C00F1EF4A /* LeftSidePanelVC.swift in Sources */,
				6CB616C71F6CCB390051CAA5 /* HomeVC.swift in Sources */,
				6CAE3A3B1F6E22D900F1EF4A /* ContainerVC.swift in Sources */,
				6CAE3A411F6E408900F1EF4A /* UIViewExt.swift in Sources */,
				6CB616DC1F6CF4160051CAA5 /* RoundImageView.swift in Sources */,
				6CB616E01F6CF5BD0051CAA5 /* CircleVIew.swift in Sources */,
				6CB616DE1F6CF4C10051CAA5 /* RoundedShadowView.swift in Sources */,
				6CAE3A451F6E935F00F1EF4A /* RoundedCornerTextField.swift in Sources */,
				6CB616C51F6CCB390051CAA5 /* AppDelegate.swift in Sources */,
				6CB616DA1F6CF0360051CAA5 /* GradientView.swift in Sources */,
			);
			runOnlyForDeploymentPostprocessing = 0;
		};
/* End PBXSourcesBuildPhase section */

/* Begin PBXVariantGroup section */
		6CB616C81F6CCB390051CAA5 /* Main.storyboard */ = {
			isa = PBXVariantGroup;
			children = (
				6CB616C91F6CCB390051CAA5 /* Base */,
			);
			name = Main.storyboard;
			sourceTree = "<group>";
		};
		6CB616CD1F6CCB390051CAA5 /* LaunchScreen.storyboard */ = {
			isa = PBXVariantGroup;
			children = (
				6CB616CE1F6CCB390051CAA5 /* Base */,
			);
			name = LaunchScreen.storyboard;
			sourceTree = "<group>";
		};
/* End PBXVariantGroup section */

/* Begin XCBuildConfiguration section */
		6CB616D11F6CCB390051CAA5 /* Debug */ = {
			isa = XCBuildConfiguration;
			buildSettings = {
				ALWAYS_SEARCH_USER_PATHS = NO;
				CLANG_ANALYZER_NONNULL = YES;
				CLANG_ANALYZER_NUMBER_OBJECT_CONVERSION = YES_AGGRESSIVE;
				CLANG_CXX_LANGUAGE_STANDARD = "gnu++14";
				CLANG_CXX_LIBRARY = "libc++";
				CLANG_ENABLE_MODULES = YES;
				CLANG_ENABLE_OBJC_ARC = YES;
				CLANG_WARN_BLOCK_CAPTURE_AUTORELEASING = YES;
				CLANG_WARN_BOOL_CONVERSION = YES;
				CLANG_WARN_COMMA = YES;
				CLANG_WARN_CONSTANT_CONVERSION = YES;
				CLANG_WARN_DIRECT_OBJC_ISA_USAGE = YES_ERROR;
				CLANG_WARN_DOCUMENTATION_COMMENTS = YES;
				CLANG_WARN_EMPTY_BODY = YES;
				CLANG_WARN_ENUM_CONVERSION = YES;
				CLANG_WARN_INFINITE_RECURSION = YES;
				CLANG_WARN_INT_CONVERSION = YES;
				CLANG_WARN_NON_LITERAL_NULL_CONVERSION = YES;
				CLANG_WARN_OBJC_LITERAL_CONVERSION = YES;
				CLANG_WARN_OBJC_ROOT_CLASS = YES_ERROR;
				CLANG_WARN_RANGE_LOOP_ANALYSIS = YES;
				CLANG_WARN_STRICT_PROTOTYPES = YES;
				CLANG_WARN_SUSPICIOUS_MOVE = YES;
				CLANG_WARN_UNGUARDED_AVAILABILITY = YES_AGGRESSIVE;
				CLANG_WARN_UNREACHABLE_CODE = YES;
				CLANG_WARN__DUPLICATE_METHOD_MATCH = YES;
				CODE_SIGN_IDENTITY = "iPhone Developer";
				COPY_PHASE_STRIP = NO;
				DEBUG_INFORMATION_FORMAT = dwarf;
				ENABLE_STRICT_OBJC_MSGSEND = YES;
				ENABLE_TESTABILITY = YES;
				GCC_C_LANGUAGE_STANDARD = gnu11;
				GCC_DYNAMIC_NO_PIC = NO;
				GCC_NO_COMMON_BLOCKS = YES;
				GCC_OPTIMIZATION_LEVEL = 0;
				GCC_PREPROCESSOR_DEFINITIONS = (
					"DEBUG=1",
					"$(inherited)",
				);
				GCC_WARN_64_TO_32_BIT_CONVERSION = YES;
				GCC_WARN_ABOUT_RETURN_TYPE = YES_ERROR;
				GCC_WARN_UNDECLARED_SELECTOR = YES;
				GCC_WARN_UNINITIALIZED_AUTOS = YES_AGGRESSIVE;
				GCC_WARN_UNUSED_FUNCTION = YES;
				GCC_WARN_UNUSED_VARIABLE = YES;
				IPHONEOS_DEPLOYMENT_TARGET = 11.0;
				MTL_ENABLE_DEBUG_INFO = YES;
				ONLY_ACTIVE_ARCH = YES;
				SDKROOT = iphoneos;
				SWIFT_ACTIVE_COMPILATION_CONDITIONS = DEBUG;
				SWIFT_OPTIMIZATION_LEVEL = "-Onone";
			};
			name = Debug;
		};
		6CB616D21F6CCB390051CAA5 /* Release */ = {
			isa = XCBuildConfiguration;
			buildSettings = {
				ALWAYS_SEARCH_USER_PATHS = NO;
				CLANG_ANALYZER_NONNULL = YES;
				CLANG_ANALYZER_NUMBER_OBJECT_CONVERSION = YES_AGGRESSIVE;
				CLANG_CXX_LANGUAGE_STANDARD = "gnu++14";
				CLANG_CXX_LIBRARY = "libc++";
				CLANG_ENABLE_MODULES = YES;
				CLANG_ENABLE_OBJC_ARC = YES;
				CLANG_WARN_BLOCK_CAPTURE_AUTORELEASING = YES;
				CLANG_WARN_BOOL_CONVERSION = YES;
				CLANG_WARN_COMMA = YES;
				CLANG_WARN_CONSTANT_CONVERSION = YES;
				CLANG_WARN_DIRECT_OBJC_ISA_USAGE = YES_ERROR;
				CLANG_WARN_DOCUMENTATION_COMMENTS = YES;
				CLANG_WARN_EMPTY_BODY = YES;
				CLANG_WARN_ENUM_CONVERSION = YES;
				CLANG_WARN_INFINITE_RECURSION = YES;
				CLANG_WARN_INT_CONVERSION = YES;
				CLANG_WARN_NON_LITERAL_NULL_CONVERSION = YES;
				CLANG_WARN_OBJC_LITERAL_CONVERSION = YES;
				CLANG_WARN_OBJC_ROOT_CLASS = YES_ERROR;
				CLANG_WARN_RANGE_LOOP_ANALYSIS = YES;
				CLANG_WARN_STRICT_PROTOTYPES = YES;
				CLANG_WARN_SUSPICIOUS_MOVE = YES;
				CLANG_WARN_UNGUARDED_AVAILABILITY = YES_AGGRESSIVE;
				CLANG_WARN_UNREACHABLE_CODE = YES;
				CLANG_WARN__DUPLICATE_METHOD_MATCH = YES;
				CODE_SIGN_IDENTITY = "iPhone Developer";
				COPY_PHASE_STRIP = NO;
				DEBUG_INFORMATION_FORMAT = "dwarf-with-dsym";
				ENABLE_NS_ASSERTIONS = NO;
				ENABLE_STRICT_OBJC_MSGSEND = YES;
				GCC_C_LANGUAGE_STANDARD = gnu11;
				GCC_NO_COMMON_BLOCKS = YES;
				GCC_WARN_64_TO_32_BIT_CONVERSION = YES;
				GCC_WARN_ABOUT_RETURN_TYPE = YES_ERROR;
				GCC_WARN_UNDECLARED_SELECTOR = YES;
				GCC_WARN_UNINITIALIZED_AUTOS = YES_AGGRESSIVE;
				GCC_WARN_UNUSED_FUNCTION = YES;
				GCC_WARN_UNUSED_VARIABLE = YES;
				IPHONEOS_DEPLOYMENT_TARGET = 11.0;
				MTL_ENABLE_DEBUG_INFO = NO;
				SDKROOT = iphoneos;
				SWIFT_OPTIMIZATION_LEVEL = "-Owholemodule";
				VALIDATE_PRODUCT = YES;
			};
			name = Release;
		};
		6CB616D41F6CCB390051CAA5 /* Debug */ = {
			isa = XCBuildConfiguration;
			baseConfigurationReference = 118CCC4C69B31E1D2BC3723B /* Pods-Hitchhkr.debug.xcconfig */;
			buildSettings = {
				ASSETCATALOG_COMPILER_APPICON_NAME = AppIcon;
				CODE_SIGN_STYLE = Automatic;
				DEVELOPMENT_TEAM = 58B9M9NL9X;
				INFOPLIST_FILE = Hitchhkr/Info.plist;
				LD_RUNPATH_SEARCH_PATHS = "$(inherited) @executable_path/Frameworks";
				PRODUCT_BUNDLE_IDENTIFIER = com.appdelight.Hitchhkr;
				PRODUCT_NAME = "$(TARGET_NAME)";
				SWIFT_VERSION = 4.0;
				TARGETED_DEVICE_FAMILY = "1,2";
			};
			name = Debug;
		};
		6CB616D51F6CCB390051CAA5 /* Release */ = {
			isa = XCBuildConfiguration;
			baseConfigurationReference = 6BB4B78E9EF4E20F0BF9715F /* Pods-Hitchhkr.release.xcconfig */;
			buildSettings = {
				ASSETCATALOG_COMPILER_APPICON_NAME = AppIcon;
				CODE_SIGN_STYLE = Automatic;
				DEVELOPMENT_TEAM = 58B9M9NL9X;
				INFOPLIST_FILE = Hitchhkr/Info.plist;
				LD_RUNPATH_SEARCH_PATHS = "$(inherited) @executable_path/Frameworks";
				PRODUCT_BUNDLE_IDENTIFIER = com.appdelight.Hitchhkr;
				PRODUCT_NAME = "$(TARGET_NAME)";
				SWIFT_VERSION = 4.0;
				TARGETED_DEVICE_FAMILY = "1,2";
			};
			name = Release;
		};
/* End XCBuildConfiguration section */

/* Begin XCConfigurationList section */
		6CB616BC1F6CCB390051CAA5 /* Build configuration list for PBXProject "Hitchhkr" */ = {
			isa = XCConfigurationList;
			buildConfigurations = (
				6CB616D11F6CCB390051CAA5 /* Debug */,
				6CB616D21F6CCB390051CAA5 /* Release */,
			);
			defaultConfigurationIsVisible = 0;
			defaultConfigurationName = Release;
		};
		6CB616D31F6CCB390051CAA5 /* Build configuration list for PBXNativeTarget "Hitchhkr" */ = {
			isa = XCConfigurationList;
			buildConfigurations = (
				6CB616D41F6CCB390051CAA5 /* Debug */,
				6CB616D51F6CCB390051CAA5 /* Release */,
			);
			defaultConfigurationIsVisible = 0;
			defaultConfigurationName = Release;
		};
/* End XCConfigurationList section */
	};
	rootObject = 6CB616B91F6CCB390051CAA5 /* Project object */;
}
